
Microsoft Visual Studio Solution File, Format Version 12.00
# Visual Studio 14
VisualStudioVersion = 14.0.25420.1
MinimumVisualStudioVersion = 10.0.40219.1
Project("{8BC9CEB8-8B4A-11D0-8D11-00A0C91BC942}") = "KTL.UnitTest", "..\KTL.UnitTest\KTL.UnitTest.vcxproj", "{7EDA1D11-CF71-4BC2-919E-DD47F6BF6C0A}"
EndProject
Project("{8BC9CEB8-8B4A-11D0-8D11-00A0C91BC942}") = "KTL", "..\KTL\KTL.vcxproj", "{C740164F-02EF-4DF7-BEA2-3042FD9823EC}"
EndProject
Project("{8BC9CEB8-8B4A-11D0-8D11-00A0C91BC942}") = "Ring3.UnitTest", "..\Ring3.UnitTest\Ring3.UnitTest.vcxproj", "{E59551AA-DFCF-43D3-A3B1-9818360B6128}"
EndProject
Global
	GlobalSection(SolutionConfigurationPlatforms) = preSolution
		Debug|ARM = Debug|ARM
		Debug|ARM64 = Debug|ARM64
		Debug|x64 = Debug|x64
		Debug|x86 = Debug|x86
		Release|ARM = Release|ARM
		Release|ARM64 = Release|ARM64
		Release|x64 = Release|x64
		Release|x86 = Release|x86
	EndGlobalSection
	GlobalSection(ProjectConfigurationPlatforms) = postSolution
		{7EDA1D11-CF71-4BC2-919E-DD47F6BF6C0A}.Debug|ARM.ActiveCfg = Debug|ARM
		{7EDA1D11-CF71-4BC2-919E-DD47F6BF6C0A}.Debug|ARM.Build.0 = Debug|ARM
		{7EDA1D11-CF71-4BC2-919E-DD47F6BF6C0A}.Debug|ARM.Deploy.0 = Debug|ARM
		{7EDA1D11-CF71-4BC2-919E-DD47F6BF6C0A}.Debug|ARM64.ActiveCfg = Debug|ARM64
		{7EDA1D11-CF71-4BC2-919E-DD47F6BF6C0A}.Debug|ARM64.Build.0 = Debug|ARM64
		{7EDA1D11-CF71-4BC2-919E-DD47F6BF6C0A}.Debug|ARM64.Deploy.0 = Debug|ARM64
		{7EDA1D11-CF71-4BC2-919E-DD47F6BF6C0A}.Debug|x64.ActiveCfg = Debug|x64
		{7EDA1D11-CF71-4BC2-919E-DD47F6BF6C0A}.Debug|x64.Build.0 = Debug|x64
		{7EDA1D11-CF71-4BC2-919E-DD47F6BF6C0A}.Debug|x64.Deploy.0 = Debug|x64
		{7EDA1D11-CF71-4BC2-919E-DD47F6BF6C0A}.Debug|x86.ActiveCfg = Debug|Win32
		{7EDA1D11-CF71-4BC2-919E-DD47F6BF6C0A}.Debug|x86.Build.0 = Debug|Win32
		{7EDA1D11-CF71-4BC2-919E-DD47F6BF6C0A}.Debug|x86.Deploy.0 = Debug|Win32
		{7EDA1D11-CF71-4BC2-919E-DD47F6BF6C0A}.Release|ARM.ActiveCfg = Release|ARM
		{7EDA1D11-CF71-4BC2-919E-DD47F6BF6C0A}.Release|ARM.Build.0 = Release|ARM
		{7EDA1D11-CF71-4BC2-919E-DD47F6BF6C0A}.Release|ARM.Deploy.0 = Release|ARM
		{7EDA1D11-CF71-4BC2-919E-DD47F6BF6C0A}.Release|ARM64.ActiveCfg = Release|ARM64
		{7EDA1D11-CF71-4BC2-919E-DD47F6BF6C0A}.Release|ARM64.Build.0 = Release|ARM64
		{7EDA1D11-CF71-4BC2-919E-DD47F6BF6C0A}.Release|ARM64.Deploy.0 = Release|ARM64
		{7EDA1D11-CF71-4BC2-919E-DD47F6BF6C0A}.Release|x64.ActiveCfg = Release|x64
		{7EDA1D11-CF71-4BC2-919E-DD47F6BF6C0A}.Release|x64.Build.0 = Release|x64
		{7EDA1D11-CF71-4BC2-919E-DD47F6BF6C0A}.Release|x64.Deploy.0 = Release|x64
		{7EDA1D11-CF71-4BC2-919E-DD47F6BF6C0A}.Release|x86.ActiveCfg = Release|Win32
		{7EDA1D11-CF71-4BC2-919E-DD47F6BF6C0A}.Release|x86.Build.0 = Release|Win32
		{7EDA1D11-CF71-4BC2-919E-DD47F6BF6C0A}.Release|x86.Deploy.0 = Release|Win32
		{C740164F-02EF-4DF7-BEA2-3042FD9823EC}.Debug|ARM.ActiveCfg = Debug|ARM
		{C740164F-02EF-4DF7-BEA2-3042FD9823EC}.Debug|ARM.Build.0 = Debug|ARM
		{C740164F-02EF-4DF7-BEA2-3042FD9823EC}.Debug|ARM.Deploy.0 = Debug|ARM
		{C740164F-02EF-4DF7-BEA2-3042FD9823EC}.Debug|ARM64.ActiveCfg = Debug|ARM64
		{C740164F-02EF-4DF7-BEA2-3042FD9823EC}.Debug|ARM64.Build.0 = Debug|ARM64
		{C740164F-02EF-4DF7-BEA2-3042FD9823EC}.Debug|ARM64.Deploy.0 = Debug|ARM64
		{C740164F-02EF-4DF7-BEA2-3042FD9823EC}.Debug|x64.ActiveCfg = Debug|x64
		{C740164F-02EF-4DF7-BEA2-3042FD9823EC}.Debug|x64.Build.0 = Debug|x64
		{C740164F-02EF-4DF7-BEA2-3042FD9823EC}.Debug|x64.Deploy.0 = Debug|x64
		{C740164F-02EF-4DF7-BEA2-3042FD9823EC}.Debug|x86.ActiveCfg = Debug|Win32
		{C740164F-02EF-4DF7-BEA2-3042FD9823EC}.Debug|x86.Build.0 = Debug|Win32
		{C740164F-02EF-4DF7-BEA2-3042FD9823EC}.Debug|x86.Deploy.0 = Debug|Win32
		{C740164F-02EF-4DF7-BEA2-3042FD9823EC}.Release|ARM.ActiveCfg = Release|ARM
		{C740164F-02EF-4DF7-BEA2-3042FD9823EC}.Release|ARM.Build.0 = Release|ARM
		{C740164F-02EF-4DF7-BEA2-3042FD9823EC}.Release|ARM.Deploy.0 = Release|ARM
		{C740164F-02EF-4DF7-BEA2-3042FD9823EC}.Release|ARM64.ActiveCfg = Release|ARM64
		{C740164F-02EF-4DF7-BEA2-3042FD9823EC}.Release|ARM64.Build.0 = Release|ARM64
		{C740164F-02EF-4DF7-BEA2-3042FD9823EC}.Release|ARM64.Deploy.0 = Release|ARM64
		{C740164F-02EF-4DF7-BEA2-3042FD9823EC}.Release|x64.ActiveCfg = Release|x64
		{C740164F-02EF-4DF7-BEA2-3042FD9823EC}.Release|x64.Build.0 = Release|x64
		{C740164F-02EF-4DF7-BEA2-3042FD9823EC}.Release|x64.Deploy.0 = Release|x64
		{C740164F-02EF-4DF7-BEA2-3042FD9823EC}.Release|x86.ActiveCfg = Release|Win32
		{C740164F-02EF-4DF7-BEA2-3042FD9823EC}.Release|x86.Build.0 = Release|Win32
		{C740164F-02EF-4DF7-BEA2-3042FD9823EC}.Release|x86.Deploy.0 = Release|Win32
		{E59551AA-DFCF-43D3-A3B1-9818360B6128}.Debug|ARM.ActiveCfg = Debug|Win32
		{E59551AA-DFCF-43D3-A3B1-9818360B6128}.Debug|ARM64.ActiveCfg = Debug|Win32
		{E59551AA-DFCF-43D3-A3B1-9818360B6128}.Debug|x64.ActiveCfg = Debug|x64
		{E59551AA-DFCF-43D3-A3B1-9818360B6128}.Debug|x64.Build.0 = Debug|x64
		{E59551AA-DFCF-43D3-A3B1-9818360B6128}.Debug|x86.ActiveCfg = Debug|Win32
		{E59551AA-DFCF-43D3-A3B1-9818360B6128}.Debug|x86.Build.0 = Debug|Win32
		{E59551AA-DFCF-43D3-A3B1-9818360B6128}.Release|ARM.ActiveCfg = Release|Win32
		{E59551AA-DFCF-43D3-A3B1-9818360B6128}.Release|ARM64.ActiveCfg = Release|Win32
		{E59551AA-DFCF-43D3-A3B1-9818360B6128}.Release|x64.ActiveCfg = Release|x64
		{E59551AA-DFCF-43D3-A3B1-9818360B6128}.Release|x64.Build.0 = Release|x64
		{E59551AA-DFCF-43D3-A3B1-9818360B6128}.Release|x86.ActiveCfg = Release|Win32
		{E59551AA-DFCF-43D3-A3B1-9818360B6128}.Release|x86.Build.0 = Release|Win32
	EndGlobalSection
	GlobalSection(SolutionProperties) = preSolution
		HideSolutionNode = FALSE
	EndGlobalSection
EndGlobal
